
Microsoft Visual Studio Solution File, Format Version 12.00
# Visual Studio Version 16
VisualStudioVersion = 16.0.30907.101
MinimumVisualStudioVersion = 10.0.40219.1
Project("{FAE04EC0-301F-11D3-BF4B-00C04F79EFBC}") = "StudentReportCard", "StudentReportCard\StudentReportCard.csproj", "{13BFC3AD-47A6-42CB-BC63-573FCEBA7BD2}"
EndProject
Global
	GlobalSection(SolutionConfigurationPlatforms) = preSolution
		Debug|Any CPU = Debug|Any CPU
		Release|Any CPU = Release|Any CPU
	EndGlobalSection
	GlobalSection(ProjectConfigurationPlatforms) = postSolution
		{13BFC3AD-47A6-42CB-BC63-573FCEBA7BD2}.Debug|Any CPU.ActiveCfg = Debug|Any CPU
		{13BFC3AD-47A6-42CB-BC63-573FCEBA7BD2}.Debug|Any CPU.Build.0 = Debug|Any CPU
		{13BFC3AD-47A6-42CB-BC63-573FCEBA7BD2}.Release|Any CPU.ActiveCfg = Release|Any CPU
		{13BFC3AD-47A6-42CB-BC63-573FCEBA7BD2}.Release|Any CPU.Build.0 = Release|Any CPU
	EndGlobalSection
	GlobalSection(SolutionProperties) = preSolution
		HideSolutionNode = FALSE
	EndGlobalSection
	GlobalSection(ExtensibilityGlobals) = postSolution
		SolutionGuid = {893293B5-2711-46E5-A331-A376AE9F57E7}
	EndGlobalSection
EndGlobal
